
Microsoft Visual Studio Solution File, Format Version 12.00
# Visual Studio Version 17
VisualStudioVersion = 17.2.32526.322
MinimumVisualStudioVersion = 10.0.40219.1
Project("{FAE04EC0-301F-11D3-BF4B-00C04F79EFBC}") = "KUSYS.Application", "KUSYS.Application\KUSYS.Application.csproj", "{E3D8C4C3-64A4-4B03-A10A-B6285ADE38CE}"
EndProject
Project("{FAE04EC0-301F-11D3-BF4B-00C04F79EFBC}") = "KUSYS.Domain", "KUSYS.Domain\KUSYS.Domain.csproj", "{B47A3A23-7FFC-4265-9AAC-86791206E851}"
EndProject
Project("{FAE04EC0-301F-11D3-BF4B-00C04F79EFBC}") = "KUSYS.Infrastructure", "KUSYS.Infrastructure\KUSYS.Infrastructure.csproj", "{58913236-3503-4DDC-9698-1A52A5BE82F5}"
EndProject
Global
	GlobalSection(SolutionConfigurationPlatforms) = preSolution
		Debug|Any CPU = Debug|Any CPU
		Release|Any CPU = Release|Any CPU
	EndGlobalSection
	GlobalSection(ProjectConfigurationPlatforms) = postSolution
		{E3D8C4C3-64A4-4B03-A10A-B6285ADE38CE}.Debug|Any CPU.ActiveCfg = Debug|Any CPU
		{E3D8C4C3-64A4-4B03-A10A-B6285ADE38CE}.Debug|Any CPU.Build.0 = Debug|Any CPU
		{E3D8C4C3-64A4-4B03-A10A-B6285ADE38CE}.Release|Any CPU.ActiveCfg = Release|Any CPU
		{E3D8C4C3-64A4-4B03-A10A-B6285ADE38CE}.Release|Any CPU.Build.0 = Release|Any CPU
		{B47A3A23-7FFC-4265-9AAC-86791206E851}.Debug|Any CPU.ActiveCfg = Debug|Any CPU
		{B47A3A23-7FFC-4265-9AAC-86791206E851}.Debug|Any CPU.Build.0 = Debug|Any CPU
		{B47A3A23-7FFC-4265-9AAC-86791206E851}.Release|Any CPU.ActiveCfg = Release|Any CPU
		{B47A3A23-7FFC-4265-9AAC-86791206E851}.Release|Any CPU.Build.0 = Release|Any CPU
		{58913236-3503-4DDC-9698-1A52A5BE82F5}.Debug|Any CPU.ActiveCfg = Debug|Any CPU
		{58913236-3503-4DDC-9698-1A52A5BE82F5}.Debug|Any CPU.Build.0 = Debug|Any CPU
		{58913236-3503-4DDC-9698-1A52A5BE82F5}.Release|Any CPU.ActiveCfg = Release|Any CPU
		{58913236-3503-4DDC-9698-1A52A5BE82F5}.Release|Any CPU.Build.0 = Release|Any CPU
	EndGlobalSection
	GlobalSection(SolutionProperties) = preSolution
		HideSolutionNode = FALSE
	EndGlobalSection
	GlobalSection(ExtensibilityGlobals) = postSolution
		SolutionGuid = {01936826-E490-4496-9C78-7A6ACCE1C39E}
	EndGlobalSection
EndGlobal
